// !$*UTF8*$!
{
	archiveVersion = 1;
	classes = {
	};
	objectVersion = 55;
	objects = {

/* Begin PBXBuildFile section */
		E9386856286BB256005287FE /* AppDelegate.swift in Sources */ = {isa = PBXBuildFile; fileRef = E9386855286BB256005287FE /* AppDelegate.swift */; };
		E9386858286BB256005287FE /* SceneDelegate.swift in Sources */ = {isa = PBXBuildFile; fileRef = E9386857286BB256005287FE /* SceneDelegate.swift */; };
		E938685A286BB256005287FE /* ViewController.swift in Sources */ = {isa = PBXBuildFile; fileRef = E9386859286BB256005287FE /* ViewController.swift */; };
		E938685F286BB258005287FE /* Assets.xcassets in Resources */ = {isa = PBXBuildFile; fileRef = E938685E286BB258005287FE /* Assets.xcassets */; };
		E9386862286BB258005287FE /* LaunchScreen.storyboard in Resources */ = {isa = PBXBuildFile; fileRef = E9386860286BB258005287FE /* LaunchScreen.storyboard */; };
		E938686A286BB696005287FE /* Utils.swift in Sources */ = {isa = PBXBuildFile; fileRef = E9386869286BB696005287FE /* Utils.swift */; };
		E938686C286BBA09005287FE /* MediaPickerView.swift in Sources */ = {isa = PBXBuildFile; fileRef = E938686B286BBA09005287FE /* MediaPickerView.swift */; };
		E938686E286BD871005287FE /* PhotoCell.swift in Sources */ = {isa = PBXBuildFile; fileRef = E938686D286BD871005287FE /* PhotoCell.swift */; };
		E960C0B9286E02A300F5CA6A /* CardModalViewController.swift in Sources */ = {isa = PBXBuildFile; fileRef = E960C0B8286E02A300F5CA6A /* CardModalViewController.swift */; };
		E960C0BB286E038700F5CA6A /* Constants.swift in Sources */ = {isa = PBXBuildFile; fileRef = E960C0BA286E038700F5CA6A /* Constants.swift */; };
		E960C0BD286E051600F5CA6A /* PresentationController.swift in Sources */ = {isa = PBXBuildFile; fileRef = E960C0BC286E051600F5CA6A /* PresentationController.swift */; };
		E960C0BF286E059100F5CA6A /* Protocols.swift in Sources */ = {isa = PBXBuildFile; fileRef = E960C0BE286E059100F5CA6A /* Protocols.swift */; };
		E960C0C6286E078000F5CA6A /* AlbumVC.swift in Sources */ = {isa = PBXBuildFile; fileRef = E960C0C5286E078000F5CA6A /* AlbumVC.swift */; };
		E960C0C8286E168E00F5CA6A /* StoriesEditorVC.swift in Sources */ = {isa = PBXBuildFile; fileRef = E960C0C7286E168E00F5CA6A /* StoriesEditorVC.swift */; };
		E960C0CB286E184000F5CA6A /* ZoomTransitionDelegate.swift in Sources */ = {isa = PBXBuildFile; fileRef = E960C0CA286E184000F5CA6A /* ZoomTransitionDelegate.swift */; };
		E9C300EA2874C1D200B261A0 /* AlbumCollectionSectionType.swift in Sources */ = {isa = PBXBuildFile; fileRef = E9C300E92874C1D200B261A0 /* AlbumCollectionSectionType.swift */; };
		E9C300EC2874C4E900B261A0 /* AskPhotoPermissionView.swift in Sources */ = {isa = PBXBuildFile; fileRef = E9C300EB2874C4E900B261A0 /* AskPhotoPermissionView.swift */; };
		E9C300EF28753DBF00B261A0 /* AlbumCell.swift in Sources */ = {isa = PBXBuildFile; fileRef = E9C300EE28753DBF00B261A0 /* AlbumCell.swift */; };
		E9C300F12877645E00B261A0 /* SmartAlbumItem.swift in Sources */ = {isa = PBXBuildFile; fileRef = E9C300F02877645E00B261A0 /* SmartAlbumItem.swift */; };
/* End PBXBuildFile section */

/* Begin PBXFileReference section */
		E9386852286BB256005287FE /* InstaPhotoPicker.app */ = {isa = PBXFileReference; explicitFileType = wrapper.application; includeInIndex = 0; path = InstaPhotoPicker.app; sourceTree = BUILT_PRODUCTS_DIR; };
		E9386855286BB256005287FE /* AppDelegate.swift */ = {isa = PBXFileReference; lastKnownFileType = sourcecode.swift; path = AppDelegate.swift; sourceTree = "<group>"; };
		E9386857286BB256005287FE /* SceneDelegate.swift */ = {isa = PBXFileReference; lastKnownFileType = sourcecode.swift; path = SceneDelegate.swift; sourceTree = "<group>"; };
		E9386859286BB256005287FE /* ViewController.swift */ = {isa = PBXFileReference; lastKnownFileType = sourcecode.swift; path = ViewController.swift; sourceTree = "<group>"; };
		E938685E286BB258005287FE /* Assets.xcassets */ = {isa = PBXFileReference; lastKnownFileType = folder.assetcatalog; path = Assets.xcassets; sourceTree = "<group>"; };
		E9386861286BB258005287FE /* Base */ = {isa = PBXFileReference; lastKnownFileType = file.storyboard; name = Base; path = Base.lproj/LaunchScreen.storyboard; sourceTree = "<group>"; };
		E9386863286BB258005287FE /* Info.plist */ = {isa = PBXFileReference; lastKnownFileType = text.plist.xml; path = Info.plist; sourceTree = "<group>"; };
		E9386869286BB696005287FE /* Utils.swift */ = {isa = PBXFileReference; lastKnownFileType = sourcecode.swift; path = Utils.swift; sourceTree = "<group>"; };
		E938686B286BBA09005287FE /* MediaPickerView.swift */ = {isa = PBXFileReference; lastKnownFileType = sourcecode.swift; path = MediaPickerView.swift; sourceTree = "<group>"; };
		E938686D286BD871005287FE /* PhotoCell.swift */ = {isa = PBXFileReference; lastKnownFileType = sourcecode.swift; path = PhotoCell.swift; sourceTree = "<group>"; };
		E960C0B8286E02A300F5CA6A /* CardModalViewController.swift */ = {isa = PBXFileReference; lastKnownFileType = sourcecode.swift; path = CardModalViewController.swift; sourceTree = "<group>"; };
		E960C0BA286E038700F5CA6A /* Constants.swift */ = {isa = PBXFileReference; lastKnownFileType = sourcecode.swift; path = Constants.swift; sourceTree = "<group>"; };
		E960C0BC286E051600F5CA6A /* PresentationController.swift */ = {isa = PBXFileReference; lastKnownFileType = sourcecode.swift; path = PresentationController.swift; sourceTree = "<group>"; };
		E960C0BE286E059100F5CA6A /* Protocols.swift */ = {isa = PBXFileReference; lastKnownFileType = sourcecode.swift; path = Protocols.swift; sourceTree = "<group>"; };
		E960C0C5286E078000F5CA6A /* AlbumVC.swift */ = {isa = PBXFileReference; lastKnownFileType = sourcecode.swift; path = AlbumVC.swift; sourceTree = "<group>"; };
		E960C0C7286E168E00F5CA6A /* StoriesEditorVC.swift */ = {isa = PBXFileReference; lastKnownFileType = sourcecode.swift; path = StoriesEditorVC.swift; sourceTree = "<group>"; };
		E960C0CA286E184000F5CA6A /* ZoomTransitionDelegate.swift */ = {isa = PBXFileReference; lastKnownFileType = sourcecode.swift; path = ZoomTransitionDelegate.swift; sourceTree = "<group>"; };
		E9C300E92874C1D200B261A0 /* AlbumCollectionSectionType.swift */ = {isa = PBXFileReference; lastKnownFileType = sourcecode.swift; path = AlbumCollectionSectionType.swift; sourceTree = "<group>"; };
		E9C300EB2874C4E900B261A0 /* AskPhotoPermissionView.swift */ = {isa = PBXFileReference; lastKnownFileType = sourcecode.swift; path = AskPhotoPermissionView.swift; sourceTree = "<group>"; };
		E9C300EE28753DBF00B261A0 /* AlbumCell.swift */ = {isa = PBXFileReference; lastKnownFileType = sourcecode.swift; path = AlbumCell.swift; sourceTree = "<group>"; };
		E9C300F02877645E00B261A0 /* SmartAlbumItem.swift */ = {isa = PBXFileReference; lastKnownFileType = sourcecode.swift; path = SmartAlbumItem.swift; sourceTree = "<group>"; };
/* End PBXFileReference section */

/* Begin PBXFrameworksBuildPhase section */
		E938684F286BB256005287FE /* Frameworks */ = {
			isa = PBXFrameworksBuildPhase;
			buildActionMask = 2147483647;
			files = (
			);
			runOnlyForDeploymentPostprocessing = 0;
		};
/* End PBXFrameworksBuildPhase section */

/* Begin PBXGroup section */
		E9386849286BB256005287FE = {
			isa = PBXGroup;
			children = (
				E9386854286BB256005287FE /* InstaPhotoPicker */,
				E9386853286BB256005287FE /* Products */,
			);
			sourceTree = "<group>";
		};
		E9386853286BB256005287FE /* Products */ = {
			isa = PBXGroup;
			children = (
				E9386852286BB256005287FE /* InstaPhotoPicker.app */,
			);
			name = Products;
			sourceTree = "<group>";
		};
		E9386854286BB256005287FE /* InstaPhotoPicker */ = {
			isa = PBXGroup;
			children = (
				E960C0C9286E182500F5CA6A /* CustomTransitions */,
				E960C0C4286E073000F5CA6A /* Protocols */,
				E960C0C3286E070D00F5CA6A /* Misc */,
				E960C0C0286E06D600F5CA6A /* Models */,
				E960C0C1286E06E800F5CA6A /* Views */,
				E960C0C2286E06EF00F5CA6A /* Controllers */,
				E9386855286BB256005287FE /* AppDelegate.swift */,
				E9386857286BB256005287FE /* SceneDelegate.swift */,
				E938685E286BB258005287FE /* Assets.xcassets */,
				E9386860286BB258005287FE /* LaunchScreen.storyboard */,
				E9386863286BB258005287FE /* Info.plist */,
			);
			path = InstaPhotoPicker;
			sourceTree = "<group>";
		};
		E960C0C0286E06D600F5CA6A /* Models */ = {
			isa = PBXGroup;
			children = (
				E9C300E92874C1D200B261A0 /* AlbumCollectionSectionType.swift */,
				E9C300F02877645E00B261A0 /* SmartAlbumItem.swift */,
			);
			path = Models;
			sourceTree = "<group>";
		};
		E960C0C1286E06E800F5CA6A /* Views */ = {
			isa = PBXGroup;
			children = (
				E938686B286BBA09005287FE /* MediaPickerView.swift */,
				E938686D286BD871005287FE /* PhotoCell.swift */,
				E9C300EB2874C4E900B261A0 /* AskPhotoPermissionView.swift */,
				E9C300EE28753DBF00B261A0 /* AlbumCell.swift */,
			);
			path = Views;
			sourceTree = "<group>";
		};
		E960C0C2286E06EF00F5CA6A /* Controllers */ = {
			isa = PBXGroup;
			children = (
				E960C0C7286E168E00F5CA6A /* StoriesEditorVC.swift */,
				E9386859286BB256005287FE /* ViewController.swift */,
				E960C0B8286E02A300F5CA6A /* CardModalViewController.swift */,
				E960C0BC286E051600F5CA6A /* PresentationController.swift */,
				E960C0C5286E078000F5CA6A /* AlbumVC.swift */,
			);
			path = Controllers;
			sourceTree = "<group>";
		};
		E960C0C3286E070D00F5CA6A /* Misc */ = {
			isa = PBXGroup;
			children = (
				E9386869286BB696005287FE /* Utils.swift */,
				E960C0BA286E038700F5CA6A /* Constants.swift */,
			);
			path = Misc;
			sourceTree = "<group>";
		};
		E960C0C4286E073000F5CA6A /* Protocols */ = {
			isa = PBXGroup;
			children = (
				E960C0BE286E059100F5CA6A /* Protocols.swift */,
			);
			path = Protocols;
			sourceTree = "<group>";
		};
		E960C0C9286E182500F5CA6A /* CustomTransitions */ = {
			isa = PBXGroup;
			children = (
				E960C0CA286E184000F5CA6A /* ZoomTransitionDelegate.swift */,
			);
			path = CustomTransitions;
			sourceTree = "<group>";
		};
/* End PBXGroup section */

/* Begin PBXNativeTarget section */
		E9386851286BB256005287FE /* InstaPhotoPicker */ = {
			isa = PBXNativeTarget;
			buildConfigurationList = E9386866286BB258005287FE /* Build configuration list for PBXNativeTarget "InstaPhotoPicker" */;
			buildPhases = (
				E938684E286BB256005287FE /* Sources */,
				E938684F286BB256005287FE /* Frameworks */,
				E9386850286BB256005287FE /* Resources */,
			);
			buildRules = (
			);
			dependencies = (
			);
			name = InstaPhotoPicker;
			packageProductDependencies = (
			);
			productName = InstaPhotoPicker;
			productReference = E9386852286BB256005287FE /* InstaPhotoPicker.app */;
			productType = "com.apple.product-type.application";
		};
/* End PBXNativeTarget section */

/* Begin PBXProject section */
		E938684A286BB256005287FE /* Project object */ = {
			isa = PBXProject;
			attributes = {
				BuildIndependentTargetsInParallel = 1;
				LastSwiftUpdateCheck = 1340;
				LastUpgradeCheck = 1340;
				TargetAttributes = {
					E9386851286BB256005287FE = {
						CreatedOnToolsVersion = 13.4.1;
					};
				};
			};
			buildConfigurationList = E938684D286BB256005287FE /* Build configuration list for PBXProject "InstaPhotoPicker" */;
			compatibilityVersion = "Xcode 13.0";
			developmentRegion = en;
			hasScannedForEncodings = 0;
			knownRegions = (
				en,
				Base,
			);
			mainGroup = E9386849286BB256005287FE;
			packageReferences = (
			);
			productRefGroup = E9386853286BB256005287FE /* Products */;
			projectDirPath = "";
			projectRoot = "";
			targets = (
				E9386851286BB256005287FE /* InstaPhotoPicker */,
			);
		};
/* End PBXProject section */

/* Begin PBXResourcesBuildPhase section */
		E9386850286BB256005287FE /* Resources */ = {
			isa = PBXResourcesBuildPhase;
			buildActionMask = 2147483647;
			files = (
				E9386862286BB258005287FE /* LaunchScreen.storyboard in Resources */,
				E938685F286BB258005287FE /* Assets.xcassets in Resources */,
			);
			runOnlyForDeploymentPostprocessing = 0;
		};
/* End PBXResourcesBuildPhase section */

/* Begin PBXSourcesBuildPhase section */
		E938684E286BB256005287FE /* Sources */ = {
			isa = PBXSourcesBuildPhase;
			buildActionMask = 2147483647;
			files = (
				E960C0CB286E184000F5CA6A /* ZoomTransitionDelegate.swift in Sources */,
				E938685A286BB256005287FE /* ViewController.swift in Sources */,
				E9386856286BB256005287FE /* AppDelegate.swift in Sources */,
				E9C300EF28753DBF00B261A0 /* AlbumCell.swift in Sources */,
				E9C300EC2874C4E900B261A0 /* AskPhotoPermissionView.swift in Sources */,
				E960C0C8286E168E00F5CA6A /* StoriesEditorVC.swift in Sources */,
				E960C0BF286E059100F5CA6A /* Protocols.swift in Sources */,
				E960C0BD286E051600F5CA6A /* PresentationController.swift in Sources */,
				E938686C286BBA09005287FE /* MediaPickerView.swift in Sources */,
				E960C0C6286E078000F5CA6A /* AlbumVC.swift in Sources */,
				E9386858286BB256005287FE /* SceneDelegate.swift in Sources */,
				E960C0BB286E038700F5CA6A /* Constants.swift in Sources */,
				E9C300EA2874C1D200B261A0 /* AlbumCollectionSectionType.swift in Sources */,
				E960C0B9286E02A300F5CA6A /* CardModalViewController.swift in Sources */,
				E938686E286BD871005287FE /* PhotoCell.swift in Sources */,
				E938686A286BB696005287FE /* Utils.swift in Sources */,
				E9C300F12877645E00B261A0 /* SmartAlbumItem.swift in Sources */,
			);
			runOnlyForDeploymentPostprocessing = 0;
		};
/* End PBXSourcesBuildPhase section */

/* Begin PBXVariantGroup section */
		E9386860286BB258005287FE /* LaunchScreen.storyboard */ = {
			isa = PBXVariantGroup;
			children = (
				E9386861286BB258005287FE /* Base */,
			);
			name = LaunchScreen.storyboard;
			sourceTree = "<group>";
		};
/* End PBXVariantGroup section */

/* Begin XCBuildConfiguration section */
		E9386864286BB258005287FE /* Debug */ = {
			isa = XCBuildConfiguration;
			buildSettings = {
				ALWAYS_SEARCH_USER_PATHS = NO;
				CLANG_ANALYZER_NONNULL = YES;
				CLANG_ANALYZER_NUMBER_OBJECT_CONVERSION = YES_AGGRESSIVE;
				CLANG_CXX_LANGUAGE_STANDARD = "gnu++17";
				CLANG_ENABLE_MODULES = YES;
				CLANG_ENABLE_OBJC_ARC = YES;
				CLANG_ENABLE_OBJC_WEAK = YES;
				CLANG_WARN_BLOCK_CAPTURE_AUTORELEASING = YES;
				CLANG_WARN_BOOL_CONVERSION = YES;
				CLANG_WARN_COMMA = YES;
				CLANG_WARN_CONSTANT_CONVERSION = YES;
				CLANG_WARN_DEPRECATED_OBJC_IMPLEMENTATIONS = YES;
				CLANG_WARN_DIRECT_OBJC_ISA_USAGE = YES_ERROR;
				CLANG_WARN_DOCUMENTATION_COMMENTS = YES;
				CLANG_WARN_EMPTY_BODY = YES;
				CLANG_WARN_ENUM_CONVERSION = YES;
				CLANG_WARN_INFINITE_RECURSION = YES;
				CLANG_WARN_INT_CONVERSION = YES;
				CLANG_WARN_NON_LITERAL_NULL_CONVERSION = YES;
				CLANG_WARN_OBJC_IMPLICIT_RETAIN_SELF = YES;
				CLANG_WARN_OBJC_LITERAL_CONVERSION = YES;
				CLANG_WARN_OBJC_ROOT_CLASS = YES_ERROR;
				CLANG_WARN_QUOTED_INCLUDE_IN_FRAMEWORK_HEADER = YES;
				CLANG_WARN_RANGE_LOOP_ANALYSIS = YES;
				CLANG_WARN_STRICT_PROTOTYPES = YES;
				CLANG_WARN_SUSPICIOUS_MOVE = YES;
				CLANG_WARN_UNGUARDED_AVAILABILITY = YES_AGGRESSIVE;
				CLANG_WARN_UNREACHABLE_CODE = YES;
				CLANG_WARN__DUPLICATE_METHOD_MATCH = YES;
				COPY_PHASE_STRIP = NO;
				DEBUG_INFORMATION_FORMAT = dwarf;
				ENABLE_STRICT_OBJC_MSGSEND = YES;
				ENABLE_TESTABILITY = YES;
				GCC_C_LANGUAGE_STANDARD = gnu11;
				GCC_DYNAMIC_NO_PIC = NO;
				GCC_NO_COMMON_BLOCKS = YES;
				GCC_OPTIMIZATION_LEVEL = 0;
				GCC_PREPROCESSOR_DEFINITIONS = (
					"DEBUG=1",
					"$(inherited)",
				);
				GCC_WARN_64_TO_32_BIT_CONVERSION = YES;
				GCC_WARN_ABOUT_RETURN_TYPE = YES_ERROR;
				GCC_WARN_UNDECLARED_SELECTOR = YES;
				GCC_WARN_UNINITIALIZED_AUTOS = YES_AGGRESSIVE;
				GCC_WARN_UNUSED_FUNCTION = YES;
				GCC_WARN_UNUSED_VARIABLE = YES;
				IPHONEOS_DEPLOYMENT_TARGET = 15.5;
				MTL_ENABLE_DEBUG_INFO = INCLUDE_SOURCE;
				MTL_FAST_MATH = YES;
				ONLY_ACTIVE_ARCH = YES;
				SDKROOT = iphoneos;
				SWIFT_ACTIVE_COMPILATION_CONDITIONS = DEBUG;
				SWIFT_OPTIMIZATION_LEVEL = "-Onone";
			};
			name = Debug;
		};
		E9386865286BB258005287FE /* Release */ = {
			isa = XCBuildConfiguration;
			buildSettings = {
				ALWAYS_SEARCH_USER_PATHS = NO;
				CLANG_ANALYZER_NONNULL = YES;
				CLANG_ANALYZER_NUMBER_OBJECT_CONVERSION = YES_AGGRESSIVE;
				CLANG_CXX_LANGUAGE_STANDARD = "gnu++17";
				CLANG_ENABLE_MODULES = YES;
				CLANG_ENABLE_OBJC_ARC = YES;
				CLANG_ENABLE_OBJC_WEAK = YES;
				CLANG_WARN_BLOCK_CAPTURE_AUTORELEASING = YES;
				CLANG_WARN_BOOL_CONVERSION = YES;
				CLANG_WARN_COMMA = YES;
				CLANG_WARN_CONSTANT_CONVERSION = YES;
				CLANG_WARN_DEPRECATED_OBJC_IMPLEMENTATIONS = YES;
				CLANG_WARN_DIRECT_OBJC_ISA_USAGE = YES_ERROR;
				CLANG_WARN_DOCUMENTATION_COMMENTS = YES;
				CLANG_WARN_EMPTY_BODY = YES;
				CLANG_WARN_ENUM_CONVERSION = YES;
				CLANG_WARN_INFINITE_RECURSION = YES;
				CLANG_WARN_INT_CONVERSION = YES;
				CLANG_WARN_NON_LITERAL_NULL_CONVERSION = YES;
				CLANG_WARN_OBJC_IMPLICIT_RETAIN_SELF = YES;
				CLANG_WARN_OBJC_LITERAL_CONVERSION = YES;
				CLANG_WARN_OBJC_ROOT_CLASS = YES_ERROR;
				CLANG_WARN_QUOTED_INCLUDE_IN_FRAMEWORK_HEADER = YES;
				CLANG_WARN_RANGE_LOOP_ANALYSIS = YES;
				CLANG_WARN_STRICT_PROTOTYPES = YES;
				CLANG_WARN_SUSPICIOUS_MOVE = YES;
				CLANG_WARN_UNGUARDED_AVAILABILITY = YES_AGGRESSIVE;
				CLANG_WARN_UNREACHABLE_CODE = YES;
				CLANG_WARN__DUPLICATE_METHOD_MATCH = YES;
				COPY_PHASE_STRIP = NO;
				DEBUG_INFORMATION_FORMAT = "dwarf-with-dsym";
				ENABLE_NS_ASSERTIONS = NO;
				ENABLE_STRICT_OBJC_MSGSEND = YES;
				GCC_C_LANGUAGE_STANDARD = gnu11;
				GCC_NO_COMMON_BLOCKS = YES;
				GCC_WARN_64_TO_32_BIT_CONVERSION = YES;
				GCC_WARN_ABOUT_RETURN_TYPE = YES_ERROR;
				GCC_WARN_UNDECLARED_SELECTOR = YES;
				GCC_WARN_UNINITIALIZED_AUTOS = YES_AGGRESSIVE;
				GCC_WARN_UNUSED_FUNCTION = YES;
				GCC_WARN_UNUSED_VARIABLE = YES;
				IPHONEOS_DEPLOYMENT_TARGET = 15.5;
				MTL_ENABLE_DEBUG_INFO = NO;
				MTL_FAST_MATH = YES;
				SDKROOT = iphoneos;
				SWIFT_COMPILATION_MODE = wholemodule;
				SWIFT_OPTIMIZATION_LEVEL = "-O";
				VALIDATE_PRODUCT = YES;
			};
			name = Release;
		};
		E9386867286BB258005287FE /* Debug */ = {
			isa = XCBuildConfiguration;
			buildSettings = {
				ASSETCATALOG_COMPILER_APPICON_NAME = AppIcon;
				ASSETCATALOG_COMPILER_GLOBAL_ACCENT_COLOR_NAME = AccentColor;
				CODE_SIGN_STYLE = Automatic;
				CURRENT_PROJECT_VERSION = 1;
				DEVELOPMENT_TEAM = M6D9BZ85YH;
				GENERATE_INFOPLIST_FILE = YES;
				INFOPLIST_FILE = InstaPhotoPicker/Info.plist;
				INFOPLIST_KEY_UIApplicationSupportsIndirectInputEvents = YES;
				INFOPLIST_KEY_UILaunchStoryboardName = LaunchScreen;
				INFOPLIST_KEY_UISupportedInterfaceOrientations_iPad = "UIInterfaceOrientationPortrait UIInterfaceOrientationPortraitUpsideDown UIInterfaceOrientationLandscapeLeft UIInterfaceOrientationLandscapeRight";
				INFOPLIST_KEY_UISupportedInterfaceOrientations_iPhone = "UIInterfaceOrientationPortrait UIInterfaceOrientationLandscapeLeft UIInterfaceOrientationLandscapeRight";
				IPHONEOS_DEPLOYMENT_TARGET = 14.0;
				LD_RUNPATH_SEARCH_PATHS = (
					"$(inherited)",
					"@executable_path/Frameworks",
				);
				MARKETING_VERSION = 1.0;
				PRODUCT_BUNDLE_IDENTIFIER = samisays11.InstaPhotoPicker;
				PRODUCT_NAME = "$(TARGET_NAME)";
				SWIFT_EMIT_LOC_STRINGS = YES;
				SWIFT_VERSION = 5.0;
				TARGETED_DEVICE_FAMILY = 1;
			};
			name = Debug;
		};
		E9386868286BB258005287FE /* Release */ = {
			isa = XCBuildConfiguration;
			buildSettings = {
				ASSETCATALOG_COMPILER_APPICON_NAME = AppIcon;
				ASSETCATALOG_COMPILER_GLOBAL_ACCENT_COLOR_NAME = AccentColor;
				CODE_SIGN_STYLE = Automatic;
				CURRENT_PROJECT_VERSION = 1;
				DEVELOPMENT_TEAM = M6D9BZ85YH;
				GENERATE_INFOPLIST_FILE = YES;
				INFOPLIST_FILE = InstaPhotoPicker/Info.plist;
				INFOPLIST_KEY_UIApplicationSupportsIndirectInputEvents = YES;
				INFOPLIST_KEY_UILaunchStoryboardName = LaunchScreen;
				INFOPLIST_KEY_UISupportedInterfaceOrientations_iPad = "UIInterfaceOrientationPortrait UIInterfaceOrientationPortraitUpsideDown UIInterfaceOrientationLandscapeLeft UIInterfaceOrientationLandscapeRight";
				INFOPLIST_KEY_UISupportedInterfaceOrientations_iPhone = "UIInterfaceOrientationPortrait UIInterfaceOrientationLandscapeLeft UIInterfaceOrientationLandscapeRight";
				IPHONEOS_DEPLOYMENT_TARGET = 14.0;
				LD_RUNPATH_SEARCH_PATHS = (
					"$(inherited)",
					"@executable_path/Frameworks",
				);
				MARKETING_VERSION = 1.0;
				PRODUCT_BUNDLE_IDENTIFIER = samisays11.InstaPhotoPicker;
				PRODUCT_NAME = "$(TARGET_NAME)";
				SWIFT_EMIT_LOC_STRINGS = YES;
				SWIFT_VERSION = 5.0;
				TARGETED_DEVICE_FAMILY = 1;
			};
			name = Release;
		};
/* End XCBuildConfiguration section */

/* Begin XCConfigurationList section */
		E938684D286BB256005287FE /* Build configuration list for PBXProject "InstaPhotoPicker" */ = {
			isa = XCConfigurationList;
			buildConfigurations = (
				E9386864286BB258005287FE /* Debug */,
				E9386865286BB258005287FE /* Release */,
			);
			defaultConfigurationIsVisible = 0;
			defaultConfigurationName = Release;
		};
		E9386866286BB258005287FE /* Build configuration list for PBXNativeTarget "InstaPhotoPicker" */ = {
			isa = XCConfigurationList;
			buildConfigurations = (
				E9386867286BB258005287FE /* Debug */,
				E9386868286BB258005287FE /* Release */,
			);
			defaultConfigurationIsVisible = 0;
			defaultConfigurationName = Release;
		};
/* End XCConfigurationList section */
	};
	rootObject = E938684A286BB256005287FE /* Project object */;
}
